Microsoft Visual Studio Solution File, Format Version 11.00
# Visual Studio 2010
Project("{FAE04EC0-301F-11D3-BF4B-00C04F79EFBC}") = "DrillDownWebReport", "DrillDownWebReport\DrillDownWebReport.csproj", "{2DE59B46-99A3-4B41-9AD7-23F0B5D11462}"
EndProject
Global
	GlobalSection(SolutionConfigurationPlatforms) = preSolution
		Debug|Any CPU = Debug|Any CPU
		Release|Any CPU = Release|Any CPU
	EndGlobalSection
	GlobalSection(ProjectConfigurationPlatforms) = postSolution
		{2DE59B46-99A3-4B41-9AD7-23F0B5D11462}.Debug|Any CPU.ActiveCfg = Debug|Any CPU
		{2DE59B46-99A3-4B41-9AD7-23F0B5D11462}.Debug|Any CPU.Build.0 = Debug|Any CPU
		{2DE59B46-99A3-4B41-9AD7-23F0B5D11462}.Release|Any CPU.ActiveCfg = Release|Any CPU
		{2DE59B46-99A3-4B41-9AD7-23F0B5D11462}.Release|Any CPU.Build.0 = Release|Any CPU
	EndGlobalSection
	GlobalSection(SolutionProperties) = preSolution
		HideSolutionNode = FALSE
	EndGlobalSection
EndGlobal
